// !$*UTF8*$!
{
	archiveVersion = 1;
	classes = {
	};
	objectVersion = 56;
	objects = {

/* Begin PBXBuildFile section */
		39A8A3662C195C2000FA1B1E /* SubXib.storyboard in Resources */ = {isa = PBXBuildFile; fileRef = 39A8A3642C195C2000FA1B1E /* SubXib.storyboard */; };
		39A8A3672C195C2000FA1B1E /* Xib.storyboard in Resources */ = {isa = PBXBuildFile; fileRef = 39A8A3652C195C2000FA1B1E /* Xib.storyboard */; };
		39A8A36A2C19621D00FA1B1E /* BaseView.swift in Sources */ = {isa = PBXBuildFile; fileRef = 39A8A3692C19621D00FA1B1E /* BaseView.swift */; };
		39A8A36C2C1966EC00FA1B1E /* ComputeScreenController.swift in Sources */ = {isa = PBXBuildFile; fileRef = 39A8A36B2C1966EC00FA1B1E /* ComputeScreenController.swift */; };
		39F5967E2C1A98E300A05634 /* RNScreenController.swift in Sources */ = {isa = PBXBuildFile; fileRef = 39F5967D2C1A98E300A05634 /* RNScreenController.swift */; };
		39F596802C1AAC4900A05634 /* RNStoryboard.storyboard in Resources */ = {isa = PBXBuildFile; fileRef = 39F5967F2C1AAC4900A05634 /* RNStoryboard.storyboard */; };
		4550AA012CC58923539A304D /* Pods_ios_study.framework in Frameworks */ = {isa = PBXBuildFile; fileRef = A15DD668E3444B7D11E57230 /* Pods_ios_study.framework */; };
		F62CE0E02C1898D3003D7C5E /* IOSViewController.swift in Sources */ = {isa = PBXBuildFile; fileRef = F62CE0DF2C1898D3003D7C5E /* IOSViewController.swift */; };
		F62CE0E52C189BB0003D7C5E /* XibScreen.xib in Resources */ = {isa = PBXBuildFile; fileRef = F62CE0E42C189BB0003D7C5E /* XibScreen.xib */; };
		F62CE0E72C189DE4003D7C5E /* XibScreenContainer.swift in Sources */ = {isa = PBXBuildFile; fileRef = F62CE0E62C189DE4003D7C5E /* XibScreenContainer.swift */; };
		F62CE0E92C18A22F003D7C5E /* XibScreenController.swift in Sources */ = {isa = PBXBuildFile; fileRef = F62CE0E82C18A22F003D7C5E /* XibScreenController.swift */; };
		F62CE0F02C18B190003D7C5E /* XibTestModuleContainer.swift in Sources */ = {isa = PBXBuildFile; fileRef = F62CE0EF2C18B190003D7C5E /* XibTestModuleContainer.swift */; };
		F646CD9B2C1735E90029E950 /* AppDelegate.swift in Sources */ = {isa = PBXBuildFile; fileRef = F646CD9A2C1735E90029E950 /* AppDelegate.swift */; };
		F646CD9D2C1735E90029E950 /* SceneDelegate.swift in Sources */ = {isa = PBXBuildFile; fileRef = F646CD9C2C1735E90029E950 /* SceneDelegate.swift */; };
		F646CD9F2C1735E90029E950 /* ViewController.swift in Sources */ = {isa = PBXBuildFile; fileRef = F646CD9E2C1735E90029E950 /* ViewController.swift */; };
		F646CDA22C1735E90029E950 /* Main.storyboard in Resources */ = {isa = PBXBuildFile; fileRef = F646CDA02C1735E90029E950 /* Main.storyboard */; };
		F646CDA42C1735EA0029E950 /* Assets.xcassets in Resources */ = {isa = PBXBuildFile; fileRef = F646CDA32C1735EA0029E950 /* Assets.xcassets */; };
		F646CDA72C1735EA0029E950 /* LaunchScreen.storyboard in Resources */ = {isa = PBXBuildFile; fileRef = F646CDA52C1735EA0029E950 /* LaunchScreen.storyboard */; };
		F67F146B2C1A12ED007C2F74 /* ComputeBaseScreen.storyboard in Resources */ = {isa = PBXBuildFile; fileRef = F67F146A2C1A12ED007C2F74 /* ComputeBaseScreen.storyboard */; };
		F67F146D2C1A13FA007C2F74 /* SwiftUIStoryboard.storyboard in Resources */ = {isa = PBXBuildFile; fileRef = F67F146C2C1A13FA007C2F74 /* SwiftUIStoryboard.storyboard */; };
		F67F14722C1A1C73007C2F74 /* TestModuleXib.xib in Resources */ = {isa = PBXBuildFile; fileRef = F67F14712C1A1C73007C2F74 /* TestModuleXib.xib */; };
		F6A9185F2C17DFA100B4DC90 /* SecondController.m in Sources */ = {isa = PBXBuildFile; fileRef = F6A9185E2C17DFA100B4DC90 /* SecondController.m */; };
		F6B67BF42C18C4EE005CF13F /* NavigationTest.storyboard in Resources */ = {isa = PBXBuildFile; fileRef = F6B67BF32C18C4EE005CF13F /* NavigationTest.storyboard */; };
/* End PBXBuildFile section */

/* Begin PBXFileReference section */
		39A8A3642C195C2000FA1B1E /* SubXib.storyboard */ = {isa = PBXFileReference; fileEncoding = 4; lastKnownFileType = file.storyboard; path = SubXib.storyboard; sourceTree = "<group>"; };
		39A8A3652C195C2000FA1B1E /* Xib.storyboard */ = {isa = PBXFileReference; fileEncoding = 4; lastKnownFileType = file.storyboard; path = Xib.storyboard; sourceTree = "<group>"; };
		39A8A3692C19621D00FA1B1E /* BaseView.swift */ = {isa = PBXFileReference; lastKnownFileType = sourcecode.swift; path = BaseView.swift; sourceTree = "<group>"; };
		39A8A36B2C1966EC00FA1B1E /* ComputeScreenController.swift */ = {isa = PBXFileReference; lastKnownFileType = sourcecode.swift; path = ComputeScreenController.swift; sourceTree = "<group>"; };
		39F5967D2C1A98E300A05634 /* RNScreenController.swift */ = {isa = PBXFileReference; lastKnownFileType = sourcecode.swift; path = RNScreenController.swift; sourceTree = "<group>"; };
		39F5967F2C1AAC4900A05634 /* RNStoryboard.storyboard */ = {isa = PBXFileReference; lastKnownFileType = file.storyboard; path = RNStoryboard.storyboard; sourceTree = "<group>"; };
		A15DD668E3444B7D11E57230 /* Pods_ios_study.framework */ = {isa = PBXFileReference; explicitFileType = wrapper.framework; includeInIndex = 0; path = Pods_ios_study.framework; sourceTree = BUILT_PRODUCTS_DIR; };
		BF0DB23283CA55620B0E6FC3 /* Pods-ios-study.debug.xcconfig */ = {isa = PBXFileReference; includeInIndex = 1; lastKnownFileType = text.xcconfig; name = "Pods-ios-study.debug.xcconfig"; path = "Target Support Files/Pods-ios-study/Pods-ios-study.debug.xcconfig"; sourceTree = "<group>"; };
		C1AF92899C40C1C2EF5FF3EB /* Pods-ios-study.release.xcconfig */ = {isa = PBXFileReference; includeInIndex = 1; lastKnownFileType = text.xcconfig; name = "Pods-ios-study.release.xcconfig"; path = "Target Support Files/Pods-ios-study/Pods-ios-study.release.xcconfig"; sourceTree = "<group>"; };
		F62CE0DF2C1898D3003D7C5E /* IOSViewController.swift */ = {isa = PBXFileReference; lastKnownFileType = sourcecode.swift; path = IOSViewController.swift; sourceTree = "<group>"; };
		F62CE0E42C189BB0003D7C5E /* XibScreen.xib */ = {isa = PBXFileReference; lastKnownFileType = file.xib; path = XibScreen.xib; sourceTree = "<group>"; };
		F62CE0E62C189DE4003D7C5E /* XibScreenContainer.swift */ = {isa = PBXFileReference; lastKnownFileType = sourcecode.swift; path = XibScreenContainer.swift; sourceTree = "<group>"; };
		F62CE0E82C18A22F003D7C5E /* XibScreenController.swift */ = {isa = PBXFileReference; lastKnownFileType = sourcecode.swift; path = XibScreenController.swift; sourceTree = "<group>"; };
		F62CE0EF2C18B190003D7C5E /* XibTestModuleContainer.swift */ = {isa = PBXFileReference; lastKnownFileType = sourcecode.swift; name = XibTestModuleContainer.swift; path = "ios-study/views/IOSBaseScreen/XibTestModuleContainer.swift"; sourceTree = SOURCE_ROOT; };
		F646CD972C1735E90029E950 /* ios-study.app */ = {isa = PBXFileReference; explicitFileType = wrapper.application; includeInIndex = 0; path = "ios-study.app"; sourceTree = BUILT_PRODUCTS_DIR; };
		F646CD9A2C1735E90029E950 /* AppDelegate.swift */ = {isa = PBXFileReference; lastKnownFileType = sourcecode.swift; path = AppDelegate.swift; sourceTree = "<group>"; };
		F646CD9C2C1735E90029E950 /* SceneDelegate.swift */ = {isa = PBXFileReference; lastKnownFileType = sourcecode.swift; path = SceneDelegate.swift; sourceTree = "<group>"; };
		F646CD9E2C1735E90029E950 /* ViewController.swift */ = {isa = PBXFileReference; lastKnownFileType = sourcecode.swift; path = ViewController.swift; sourceTree = "<group>"; };
		F646CDA12C1735E90029E950 /* Base */ = {isa = PBXFileReference; lastKnownFileType = file.storyboard; name = Base; path = Base.lproj/Main.storyboard; sourceTree = "<group>"; };
		F646CDA32C1735EA0029E950 /* Assets.xcassets */ = {isa = PBXFileReference; lastKnownFileType = folder.assetcatalog; path = Assets.xcassets; sourceTree = "<group>"; };
		F646CDA62C1735EA0029E950 /* Base */ = {isa = PBXFileReference; lastKnownFileType = file.storyboard; name = Base; path = Base.lproj/LaunchScreen.storyboard; sourceTree = "<group>"; };
		F646CDA82C1735EA0029E950 /* Info.plist */ = {isa = PBXFileReference; lastKnownFileType = text.plist.xml; path = Info.plist; sourceTree = "<group>"; };
		F67F146A2C1A12ED007C2F74 /* ComputeBaseScreen.storyboard */ = {isa = PBXFileReference; fileEncoding = 4; lastKnownFileType = file.storyboard; path = ComputeBaseScreen.storyboard; sourceTree = "<group>"; };
		F67F146C2C1A13FA007C2F74 /* SwiftUIStoryboard.storyboard */ = {isa = PBXFileReference; lastKnownFileType = file.storyboard; name = SwiftUIStoryboard.storyboard; path = SwiftUIModule/SwiftUIModule/Classes/SwiftUIStoryboard.storyboard; sourceTree = "<group>"; };
		F67F14712C1A1C73007C2F74 /* TestModuleXib.xib */ = {isa = PBXFileReference; lastKnownFileType = file.xib; name = TestModuleXib.xib; path = TestModule/TestModule/Assets/TestModuleXib.xib; sourceTree = "<group>"; };
		F6A9185C2C17DF8E00B4DC90 /* SecondController.h */ = {isa = PBXFileReference; lastKnownFileType = sourcecode.c.h; path = SecondController.h; sourceTree = "<group>"; };
		F6A9185D2C17DFA000B4DC90 /* ios-study-Bridging-Header.h */ = {isa = PBXFileReference; lastKnownFileType = sourcecode.c.h; path = "ios-study-Bridging-Header.h"; sourceTree = "<group>"; };
		F6A9185E2C17DFA100B4DC90 /* SecondController.m */ = {isa = PBXFileReference; lastKnownFileType = sourcecode.c.objc; path = SecondController.m; sourceTree = "<group>"; };
		F6B67BF32C18C4EE005CF13F /* NavigationTest.storyboard */ = {isa = PBXFileReference; lastKnownFileType = file.storyboard; path = NavigationTest.storyboard; sourceTree = "<group>"; };
/* End PBXFileReference section */

/* Begin PBXFrameworksBuildPhase section */
		F646CD942C1735E90029E950 /* Frameworks */ = {
			isa = PBXFrameworksBuildPhase;
			buildActionMask = 2147483647;
			files = (
				4550AA012CC58923539A304D /* Pods_ios_study.framework in Frameworks */,
			);
			runOnlyForDeploymentPostprocessing = 0;
		};
/* End PBXFrameworksBuildPhase section */

/* Begin PBXGroup section */
		157D38DA63005021815F5CFE /* Pods */ = {
			isa = PBXGroup;
			children = (
				BF0DB23283CA55620B0E6FC3 /* Pods-ios-study.debug.xcconfig */,
				C1AF92899C40C1C2EF5FF3EB /* Pods-ios-study.release.xcconfig */,
			);
			path = Pods;
			sourceTree = "<group>";
		};
		39A8A3682C19620B00FA1B1E /* baseScreen */ = {
			isa = PBXGroup;
			children = (
				39A8A3692C19621D00FA1B1E /* BaseView.swift */,
			);
			path = baseScreen;
			sourceTree = "<group>";
		};
		39F5967C2C1A98CE00A05634 /* RNScreen */ = {
			isa = PBXGroup;
			children = (
				39F5967D2C1A98E300A05634 /* RNScreenController.swift */,
			);
			path = RNScreen;
			sourceTree = "<group>";
		};
		C432FD7372ED179792800F36 /* Frameworks */ = {
			isa = PBXGroup;
			children = (
				A15DD668E3444B7D11E57230 /* Pods_ios_study.framework */,
			);
			name = Frameworks;
			sourceTree = "<group>";
		};
		F62CE0DE2C189839003D7C5E /* views */ = {
			isa = PBXGroup;
			children = (
				39F5967C2C1A98CE00A05634 /* RNScreen */,
				39A8A3682C19620B00FA1B1E /* baseScreen */,
				F62CE0E32C189B9B003D7C5E /* XibScreen */,
				F62CE0E22C189B81003D7C5E /* IOSBaseScreen */,
				F62CE0E12C189B6D003D7C5E /* NavigationScreen */,
			);
			path = views;
			sourceTree = "<group>";
		};
		F62CE0E12C189B6D003D7C5E /* NavigationScreen */ = {
			isa = PBXGroup;
			children = (
				F6A9185C2C17DF8E00B4DC90 /* SecondController.h */,
				F6A9185E2C17DFA100B4DC90 /* SecondController.m */,
			);
			path = NavigationScreen;
			sourceTree = "<group>";
		};
		F62CE0E22C189B81003D7C5E /* IOSBaseScreen */ = {
			isa = PBXGroup;
			children = (
				F62CE0EF2C18B190003D7C5E /* XibTestModuleContainer.swift */,
				F62CE0E62C189DE4003D7C5E /* XibScreenContainer.swift */,
				F62CE0DF2C1898D3003D7C5E /* IOSViewController.swift */,
				39A8A36B2C1966EC00FA1B1E /* ComputeScreenController.swift */,
			);
			path = IOSBaseScreen;
			sourceTree = "<group>";
		};
		F62CE0E32C189B9B003D7C5E /* XibScreen */ = {
			isa = PBXGroup;
			children = (
				F62CE0E42C189BB0003D7C5E /* XibScreen.xib */,
				F62CE0E82C18A22F003D7C5E /* XibScreenController.swift */,
			);
			path = XibScreen;
			sourceTree = "<group>";
		};
		F62CE0F32C18BA01003D7C5E /* resources */ = {
			isa = PBXGroup;
			children = (
				F67F146A2C1A12ED007C2F74 /* ComputeBaseScreen.storyboard */,
				39A8A3642C195C2000FA1B1E /* SubXib.storyboard */,
				39A8A3652C195C2000FA1B1E /* Xib.storyboard */,
				F6B67BF32C18C4EE005CF13F /* NavigationTest.storyboard */,
				39F5967F2C1AAC4900A05634 /* RNStoryboard.storyboard */,
			);
			path = resources;
			sourceTree = "<group>";
		};
		F646CD8E2C1735E90029E950 = {
			isa = PBXGroup;
			children = (
				F67F14712C1A1C73007C2F74 /* TestModuleXib.xib */,
				F67F146C2C1A13FA007C2F74 /* SwiftUIStoryboard.storyboard */,
				F646CD992C1735E90029E950 /* ios-study */,
				F646CD982C1735E90029E950 /* Products */,
				157D38DA63005021815F5CFE /* Pods */,
				C432FD7372ED179792800F36 /* Frameworks */,
			);
			sourceTree = "<group>";
		};
		F646CD982C1735E90029E950 /* Products */ = {
			isa = PBXGroup;
			children = (
				F646CD972C1735E90029E950 /* ios-study.app */,
			);
			name = Products;
			sourceTree = "<group>";
		};
		F646CD992C1735E90029E950 /* ios-study */ = {
			isa = PBXGroup;
			children = (
				F62CE0F32C18BA01003D7C5E /* resources */,
				F62CE0DE2C189839003D7C5E /* views */,
				F646CD9A2C1735E90029E950 /* AppDelegate.swift */,
				F646CD9C2C1735E90029E950 /* SceneDelegate.swift */,
				F646CD9E2C1735E90029E950 /* ViewController.swift */,
				F646CDA02C1735E90029E950 /* Main.storyboard */,
				F646CDA32C1735EA0029E950 /* Assets.xcassets */,
				F646CDA52C1735EA0029E950 /* LaunchScreen.storyboard */,
				F646CDA82C1735EA0029E950 /* Info.plist */,
				F6A9185D2C17DFA000B4DC90 /* ios-study-Bridging-Header.h */,
			);
			path = "ios-study";
			sourceTree = "<group>";
		};
/* End PBXGroup section */

/* Begin PBXNativeTarget section */
		F646CD962C1735E90029E950 /* ios-study */ = {
			isa = PBXNativeTarget;
			buildConfigurationList = F646CDAB2C1735EA0029E950 /* Build configuration list for PBXNativeTarget "ios-study" */;
			buildPhases = (
				616D32438BA472C27FE091D6 /* [CP] Check Pods Manifest.lock */,
				F646CD932C1735E90029E950 /* Sources */,
				F646CD942C1735E90029E950 /* Frameworks */,
				F646CD952C1735E90029E950 /* Resources */,
				72771DD1CD6B7A9403E88344 /* [CP] Embed Pods Frameworks */,
			);
			buildRules = (
			);
			dependencies = (
			);
			name = "ios-study";
			productName = "ios-study";
			productReference = F646CD972C1735E90029E950 /* ios-study.app */;
			productType = "com.apple.product-type.application";
		};
/* End PBXNativeTarget section */

/* Begin PBXProject section */
		F646CD8F2C1735E90029E950 /* Project object */ = {
			isa = PBXProject;
			attributes = {
				BuildIndependentTargetsInParallel = 1;
				LastSwiftUpdateCheck = 1510;
				LastUpgradeCheck = 1510;
				TargetAttributes = {
					F646CD962C1735E90029E950 = {
						CreatedOnToolsVersion = 15.1;
						LastSwiftMigration = 1510;
					};
				};
			};
			buildConfigurationList = F646CD922C1735E90029E950 /* Build configuration list for PBXProject "ios-study" */;
			compatibilityVersion = "Xcode 14.0";
			developmentRegion = en;
			hasScannedForEncodings = 0;
			knownRegions = (
				en,
				Base,
			);
			mainGroup = F646CD8E2C1735E90029E950;
			productRefGroup = F646CD982C1735E90029E950 /* Products */;
			projectDirPath = "";
			projectRoot = "";
			targets = (
				F646CD962C1735E90029E950 /* ios-study */,
			);
		};
/* End PBXProject section */

/* Begin PBXResourcesBuildPhase section */
		F646CD952C1735E90029E950 /* Resources */ = {
			isa = PBXResourcesBuildPhase;
			buildActionMask = 2147483647;
			files = (
				F67F14722C1A1C73007C2F74 /* TestModuleXib.xib in Resources */,
				F67F146D2C1A13FA007C2F74 /* SwiftUIStoryboard.storyboard in Resources */,
				39A8A3672C195C2000FA1B1E /* Xib.storyboard in Resources */,
				F6B67BF42C18C4EE005CF13F /* NavigationTest.storyboard in Resources */,
				F646CDA72C1735EA0029E950 /* LaunchScreen.storyboard in Resources */,
				F646CDA42C1735EA0029E950 /* Assets.xcassets in Resources */,
				F646CDA22C1735E90029E950 /* Main.storyboard in Resources */,
				F62CE0E52C189BB0003D7C5E /* XibScreen.xib in Resources */,
				39A8A3662C195C2000FA1B1E /* SubXib.storyboard in Resources */,
				F67F146B2C1A12ED007C2F74 /* ComputeBaseScreen.storyboard in Resources */,
				39F596802C1AAC4900A05634 /* RNStoryboard.storyboard in Resources */,
			);
			runOnlyForDeploymentPostprocessing = 0;
		};
/* End PBXResourcesBuildPhase section */

/* Begin PBXShellScriptBuildPhase section */
		616D32438BA472C27FE091D6 /* [CP] Check Pods Manifest.lock */ = {
			isa = PBXShellScriptBuildPhase;
			buildActionMask = 2147483647;
			files = (
			);
			inputFileListPaths = (
			);
			inputPaths = (
				"${PODS_PODFILE_DIR_PATH}/Podfile.lock",
				"${PODS_ROOT}/Manifest.lock",
			);
			name = "[CP] Check Pods Manifest.lock";
			outputFileListPaths = (
			);
			outputPaths = (
				"$(DERIVED_FILE_DIR)/Pods-ios-study-checkManifestLockResult.txt",
			);
			runOnlyForDeploymentPostprocessing = 0;
			shellPath = /bin/sh;
			shellScript = "diff \"${PODS_PODFILE_DIR_PATH}/Podfile.lock\" \"${PODS_ROOT}/Manifest.lock\" > /dev/null\nif [ $? != 0 ] ; then\n    # print error to STDERR\n    echo \"error: The sandbox is not in sync with the Podfile.lock. Run 'pod install' or update your CocoaPods installation.\" >&2\n    exit 1\nfi\n# This output is used by Xcode 'outputs' to avoid re-running this script phase.\necho \"SUCCESS\" > \"${SCRIPT_OUTPUT_FILE_0}\"\n";
			showEnvVarsInLog = 0;
		};
		72771DD1CD6B7A9403E88344 /* [CP] Embed Pods Frameworks */ = {
			isa = PBXShellScriptBuildPhase;
			buildActionMask = 2147483647;
			files = (
			);
			inputFileListPaths = (
				"${PODS_ROOT}/Target Support Files/Pods-ios-study/Pods-ios-study-frameworks-${CONFIGURATION}-input-files.xcfilelist",
			);
			name = "[CP] Embed Pods Frameworks";
			outputFileListPaths = (
				"${PODS_ROOT}/Target Support Files/Pods-ios-study/Pods-ios-study-frameworks-${CONFIGURATION}-output-files.xcfilelist",
			);
			runOnlyForDeploymentPostprocessing = 0;
			shellPath = /bin/sh;
			shellScript = "\"${PODS_ROOT}/Target Support Files/Pods-ios-study/Pods-ios-study-frameworks.sh\"\n";
			showEnvVarsInLog = 0;
		};
/* End PBXShellScriptBuildPhase section */

/* Begin PBXSourcesBuildPhase section */
		F646CD932C1735E90029E950 /* Sources */ = {
			isa = PBXSourcesBuildPhase;
			buildActionMask = 2147483647;
			files = (
				F62CE0E02C1898D3003D7C5E /* IOSViewController.swift in Sources */,
				F646CD9F2C1735E90029E950 /* ViewController.swift in Sources */,
				F6A9185F2C17DFA100B4DC90 /* SecondController.m in Sources */,
				39A8A36C2C1966EC00FA1B1E /* ComputeScreenController.swift in Sources */,
				F62CE0F02C18B190003D7C5E /* XibTestModuleContainer.swift in Sources */,
				F62CE0E72C189DE4003D7C5E /* XibScreenContainer.swift in Sources */,
				F62CE0E92C18A22F003D7C5E /* XibScreenController.swift in Sources */,
				39A8A36A2C19621D00FA1B1E /* BaseView.swift in Sources */,
				F646CD9B2C1735E90029E950 /* AppDelegate.swift in Sources */,
				39F5967E2C1A98E300A05634 /* RNScreenController.swift in Sources */,
				F646CD9D2C1735E90029E950 /* SceneDelegate.swift in Sources */,
			);
			runOnlyForDeploymentPostprocessing = 0;
		};
/* End PBXSourcesBuildPhase section */

/* Begin PBXVariantGroup section */
		F646CDA02C1735E90029E950 /* Main.storyboard */ = {
			isa = PBXVariantGroup;
			children = (
				F646CDA12C1735E90029E950 /* Base */,
			);
			name = Main.storyboard;
			sourceTree = "<group>";
		};
		F646CDA52C1735EA0029E950 /* LaunchScreen.storyboard */ = {
			isa = PBXVariantGroup;
			children = (
				F646CDA62C1735EA0029E950 /* Base */,
			);
			name = LaunchScreen.storyboard;
			sourceTree = "<group>";
		};
/* End PBXVariantGroup section */

/* Begin XCBuildConfiguration section */
		F646CDA92C1735EA0029E950 /* Debug */ = {
			isa = XCBuildConfiguration;
			buildSettings = {
				ALWAYS_SEARCH_USER_PATHS = NO;
				ASSETCATALOG_COMPILER_GENERATE_SWIFT_ASSET_SYMBOL_EXTENSIONS = YES;
				CLANG_ANALYZER_NONNULL = YES;
				CLANG_ANALYZER_NUMBER_OBJECT_CONVERSION = YES_AGGRESSIVE;
				CLANG_CXX_LANGUAGE_STANDARD = "gnu++20";
				CLANG_ENABLE_MODULES = YES;
				CLANG_ENABLE_OBJC_ARC = YES;
				CLANG_ENABLE_OBJC_WEAK = YES;
				CLANG_WARN_BLOCK_CAPTURE_AUTORELEASING = YES;
				CLANG_WARN_BOOL_CONVERSION = YES;
				CLANG_WARN_COMMA = YES;
				CLANG_WARN_CONSTANT_CONVERSION = YES;
				CLANG_WARN_DEPRECATED_OBJC_IMPLEMENTATIONS = YES;
				CLANG_WARN_DIRECT_OBJC_ISA_USAGE = YES_ERROR;
				CLANG_WARN_DOCUMENTATION_COMMENTS = YES;
				CLANG_WARN_EMPTY_BODY = YES;
				CLANG_WARN_ENUM_CONVERSION = YES;
				CLANG_WARN_INFINITE_RECURSION = YES;
				CLANG_WARN_INT_CONVERSION = YES;
				CLANG_WARN_NON_LITERAL_NULL_CONVERSION = YES;
				CLANG_WARN_OBJC_IMPLICIT_RETAIN_SELF = YES;
				CLANG_WARN_OBJC_LITERAL_CONVERSION = YES;
				CLANG_WARN_OBJC_ROOT_CLASS = YES_ERROR;
				CLANG_WARN_QUOTED_INCLUDE_IN_FRAMEWORK_HEADER = YES;
				CLANG_WARN_RANGE_LOOP_ANALYSIS = YES;
				CLANG_WARN_STRICT_PROTOTYPES = YES;
				CLANG_WARN_SUSPICIOUS_MOVE = YES;
				CLANG_WARN_UNGUARDED_AVAILABILITY = YES_AGGRESSIVE;
				CLANG_WARN_UNREACHABLE_CODE = YES;
				CLANG_WARN__DUPLICATE_METHOD_MATCH = YES;
				COPY_PHASE_STRIP = NO;
				DEBUG_INFORMATION_FORMAT = dwarf;
				ENABLE_STRICT_OBJC_MSGSEND = YES;
				ENABLE_TESTABILITY = YES;
				ENABLE_USER_SCRIPT_SANDBOXING = YES;
				GCC_C_LANGUAGE_STANDARD = gnu17;
				GCC_DYNAMIC_NO_PIC = NO;
				GCC_NO_COMMON_BLOCKS = YES;
				GCC_OPTIMIZATION_LEVEL = 0;
				GCC_PREPROCESSOR_DEFINITIONS = (
					"DEBUG=1",
					"$(inherited)",
				);
				GCC_WARN_64_TO_32_BIT_CONVERSION = YES;
				GCC_WARN_ABOUT_RETURN_TYPE = YES_ERROR;
				GCC_WARN_UNDECLARED_SELECTOR = YES;
				GCC_WARN_UNINITIALIZED_AUTOS = YES_AGGRESSIVE;
				GCC_WARN_UNUSED_FUNCTION = YES;
				GCC_WARN_UNUSED_VARIABLE = YES;
				IPHONEOS_DEPLOYMENT_TARGET = 17.2;
				LOCALIZATION_PREFERS_STRING_CATALOGS = YES;
				MTL_ENABLE_DEBUG_INFO = INCLUDE_SOURCE;
				MTL_FAST_MATH = YES;
				ONLY_ACTIVE_ARCH = YES;
				SDKROOT = iphoneos;
				SWIFT_ACTIVE_COMPILATION_CONDITIONS = "DEBUG $(inherited)";
				SWIFT_OPTIMIZATION_LEVEL = "-Onone";
			};
			name = Debug;
		};
		F646CDAA2C1735EA0029E950 /* Release */ = {
			isa = XCBuildConfiguration;
			buildSettings = {
				ALWAYS_SEARCH_USER_PATHS = NO;
				ASSETCATALOG_COMPILER_GENERATE_SWIFT_ASSET_SYMBOL_EXTENSIONS = YES;
				CLANG_ANALYZER_NONNULL = YES;
				CLANG_ANALYZER_NUMBER_OBJECT_CONVERSION = YES_AGGRESSIVE;
				CLANG_CXX_LANGUAGE_STANDARD = "gnu++20";
				CLANG_ENABLE_MODULES = YES;
				CLANG_ENABLE_OBJC_ARC = YES;
				CLANG_ENABLE_OBJC_WEAK = YES;
				CLANG_WARN_BLOCK_CAPTURE_AUTORELEASING = YES;
				CLANG_WARN_BOOL_CONVERSION = YES;
				CLANG_WARN_COMMA = YES;
				CLANG_WARN_CONSTANT_CONVERSION = YES;
				CLANG_WARN_DEPRECATED_OBJC_IMPLEMENTATIONS = YES;
				CLANG_WARN_DIRECT_OBJC_ISA_USAGE = YES_ERROR;
				CLANG_WARN_DOCUMENTATION_COMMENTS = YES;
				CLANG_WARN_EMPTY_BODY = YES;
				CLANG_WARN_ENUM_CONVERSION = YES;
				CLANG_WARN_INFINITE_RECURSION = YES;
				CLANG_WARN_INT_CONVERSION = YES;
				CLANG_WARN_NON_LITERAL_NULL_CONVERSION = YES;
				CLANG_WARN_OBJC_IMPLICIT_RETAIN_SELF = YES;
				CLANG_WARN_OBJC_LITERAL_CONVERSION = YES;
				CLANG_WARN_OBJC_ROOT_CLASS = YES_ERROR;
				CLANG_WARN_QUOTED_INCLUDE_IN_FRAMEWORK_HEADER = YES;
				CLANG_WARN_RANGE_LOOP_ANALYSIS = YES;
				CLANG_WARN_STRICT_PROTOTYPES = YES;
				CLANG_WARN_SUSPICIOUS_MOVE = YES;
				CLANG_WARN_UNGUARDED_AVAILABILITY = YES_AGGRESSIVE;
				CLANG_WARN_UNREACHABLE_CODE = YES;
				CLANG_WARN__DUPLICATE_METHOD_MATCH = YES;
				COPY_PHASE_STRIP = NO;
				DEBUG_INFORMATION_FORMAT = "dwarf-with-dsym";
				ENABLE_NS_ASSERTIONS = NO;
				ENABLE_STRICT_OBJC_MSGSEND = YES;
				ENABLE_USER_SCRIPT_SANDBOXING = YES;
				GCC_C_LANGUAGE_STANDARD = gnu17;
				GCC_NO_COMMON_BLOCKS = YES;
				GCC_WARN_64_TO_32_BIT_CONVERSION = YES;
				GCC_WARN_ABOUT_RETURN_TYPE = YES_ERROR;
				GCC_WARN_UNDECLARED_SELECTOR = YES;
				GCC_WARN_UNINITIALIZED_AUTOS = YES_AGGRESSIVE;
				GCC_WARN_UNUSED_FUNCTION = YES;
				GCC_WARN_UNUSED_VARIABLE = YES;
				IPHONEOS_DEPLOYMENT_TARGET = 17.2;
				LOCALIZATION_PREFERS_STRING_CATALOGS = YES;
				MTL_ENABLE_DEBUG_INFO = NO;
				MTL_FAST_MATH = YES;
				SDKROOT = iphoneos;
				SWIFT_COMPILATION_MODE = wholemodule;
				VALIDATE_PRODUCT = YES;
			};
			name = Release;
		};
		F646CDAC2C1735EA0029E950 /* Debug */ = {
			isa = XCBuildConfiguration;
			baseConfigurationReference = BF0DB23283CA55620B0E6FC3 /* Pods-ios-study.debug.xcconfig */;
			buildSettings = {
				ASSETCATALOG_COMPILER_APPICON_NAME = AppIcon;
				ASSETCATALOG_COMPILER_GLOBAL_ACCENT_COLOR_NAME = AccentColor;
				CLANG_ENABLE_MODULES = YES;
				CODE_SIGN_STYLE = Automatic;
				CURRENT_PROJECT_VERSION = 1;
				DEVELOPMENT_TEAM = 84F8R9TAQN;
				ENABLE_USER_SCRIPT_SANDBOXING = NO;
				GENERATE_INFOPLIST_FILE = YES;
				INFOPLIST_FILE = "ios-study/Info.plist";
				INFOPLIST_KEY_CFBundleDisplayName = "ios-study";
				INFOPLIST_KEY_UIApplicationSupportsIndirectInputEvents = YES;
				INFOPLIST_KEY_UILaunchStoryboardName = LaunchScreen.storyboard;
				INFOPLIST_KEY_UIMainStoryboardFile = Main;
				INFOPLIST_KEY_UISupportedInterfaceOrientations = UIInterfaceOrientationPortrait;
				INFOPLIST_KEY_UISupportedInterfaceOrientations_iPad = "UIInterfaceOrientationLandscapeLeft UIInterfaceOrientationLandscapeRight UIInterfaceOrientationPortrait UIInterfaceOrientationPortraitUpsideDown";
				IPHONEOS_DEPLOYMENT_TARGET = 13.0;
				LD_RUNPATH_SEARCH_PATHS = (
					"$(inherited)",
					"@executable_path/Frameworks",
				);
				MARKETING_VERSION = 1.0;
				PRODUCT_BUNDLE_IDENTIFIER = "com.yiwen.ios-study";
				PRODUCT_NAME = "$(TARGET_NAME)";
				SWIFT_EMIT_LOC_STRINGS = YES;
				SWIFT_OBJC_BRIDGING_HEADER = "ios-study/ios-study-Bridging-Header.h";
				SWIFT_OPTIMIZATION_LEVEL = "-Onone";
				SWIFT_VERSION = 5.0;
				TARGETED_DEVICE_FAMILY = "1,2";
			};
			name = Debug;
		};
		F646CDAD2C1735EA0029E950 /* Release */ = {
			isa = XCBuildConfiguration;
			baseConfigurationReference = C1AF92899C40C1C2EF5FF3EB /* Pods-ios-study.release.xcconfig */;
			buildSettings = {
				ASSETCATALOG_COMPILER_APPICON_NAME = AppIcon;
				ASSETCATALOG_COMPILER_GLOBAL_ACCENT_COLOR_NAME = AccentColor;
				CLANG_ENABLE_MODULES = YES;
				CODE_SIGN_STYLE = Automatic;
				CURRENT_PROJECT_VERSION = 1;
				DEVELOPMENT_TEAM = 84F8R9TAQN;
				ENABLE_USER_SCRIPT_SANDBOXING = NO;
				GENERATE_INFOPLIST_FILE = YES;
				INFOPLIST_FILE = "ios-study/Info.plist";
				INFOPLIST_KEY_CFBundleDisplayName = "ios-study";
				INFOPLIST_KEY_UIApplicationSupportsIndirectInputEvents = YES;
				INFOPLIST_KEY_UILaunchStoryboardName = LaunchScreen.storyboard;
				INFOPLIST_KEY_UIMainStoryboardFile = Main;
				INFOPLIST_KEY_UISupportedInterfaceOrientations = UIInterfaceOrientationPortrait;
				INFOPLIST_KEY_UISupportedInterfaceOrientations_iPad = "UIInterfaceOrientationLandscapeLeft UIInterfaceOrientationLandscapeRight UIInterfaceOrientationPortrait UIInterfaceOrientationPortraitUpsideDown";
				IPHONEOS_DEPLOYMENT_TARGET = 13.0;
				LD_RUNPATH_SEARCH_PATHS = (
					"$(inherited)",
					"@executable_path/Frameworks",
				);
				MARKETING_VERSION = 1.0;
				PRODUCT_BUNDLE_IDENTIFIER = "com.yiwen.ios-study";
				PRODUCT_NAME = "$(TARGET_NAME)";
				SWIFT_EMIT_LOC_STRINGS = YES;
				SWIFT_OBJC_BRIDGING_HEADER = "ios-study/ios-study-Bridging-Header.h";
				SWIFT_VERSION = 5.0;
				TARGETED_DEVICE_FAMILY = "1,2";
			};
			name = Release;
		};
/* End XCBuildConfiguration section */

/* Begin XCConfigurationList section */
		F646CD922C1735E90029E950 /* Build configuration list for PBXProject "ios-study" */ = {
			isa = XCConfigurationList;
			buildConfigurations = (
				F646CDA92C1735EA0029E950 /* Debug */,
				F646CDAA2C1735EA0029E950 /* Release */,
			);
			defaultConfigurationIsVisible = 0;
			defaultConfigurationName = Release;
		};
		F646CDAB2C1735EA0029E950 /* Build configuration list for PBXNativeTarget "ios-study" */ = {
			isa = XCConfigurationList;
			buildConfigurations = (
				F646CDAC2C1735EA0029E950 /* Debug */,
				F646CDAD2C1735EA0029E950 /* Release */,
			);
			defaultConfigurationIsVisible = 0;
			defaultConfigurationName = Release;
		};
/* End XCConfigurationList section */
	};
	rootObject = F646CD8F2C1735E90029E950 /* Project object */;
}
